<?xml version="1.0" encoding="UTF-8" standalone="yes" ?>
<CodeBlocks_project_file>
	<FileVersion major="1" minor="6" />
	<Project>
		<Option title="game" />
		<Option pch_mode="2" />
		<Option compiler="gcc" />
		<Build>
			<Target title="Debug Linux">
				<Option output="../Debug/jagamex86" prefix_auto="0" extension_auto="1" />
				<Option object_output="../Debug/game" />
				<Option type="3" />
				<Option compiler="gcc" />
				<Option createDefFile="1" />
				<Option createStaticLib="1" />
				<Compiler>
					<Add option="-O2" />
					<Add option="-g" />
					<Add option="-Wno-write-strings" />
					<Add option="-Wno-conversion-null" />
					<Add option="-Wno-pointer-arith" />
					<Add option="-Wno-multichar" />
					<Add option="-Wno-int-to-pointer-cast" />
					<Add option="-Wno-enum-compare" />
					<Add option="-Wno-cpp" />
					<Add option="-fexceptions" />
					<Add option="-m32" />
					<Add option="-fPIC" />
					<Add option="-ffast-math" />
					<Add option="-fno-operator-names" />
					<Add option="-fpermissive" />
					<Add option="-DNDEBUG" />
					<Add option="-DLINUX" />
					<Add option="-D_IMMERSION_DISABLED" />
					<Add directory="../ICARUS" />
				</Compiler>
				<ResourceCompiler>
					<Add directory="../ICARUS" />
				</ResourceCompiler>
				<Linker>
					<Add option="-m32" />
					<Add option="-shared" />
				</Linker>
			</Target>
			<Target title="Release Linux">
				<Option output="../Release/jagamex86" prefix_auto="0" extension_auto="1" />
				<Option object_output="../Release/game" />
				<Option type="3" />
				<Option compiler="gcc" />
				<Option createDefFile="1" />
				<Option createStaticLib="1" />
				<Compiler>
					<Add option="-O2" />
					<Add option="-Wno-write-strings" />
					<Add option="-Wno-conversion-null" />
					<Add option="-Wno-pointer-arith" />
					<Add option="-Wno-multichar" />
					<Add option="-Wno-int-to-pointer-cast" />
					<Add option="-Wno-enum-compare" />
					<Add option="-Wno-cpp" />
					<Add option="-fexceptions" />
					<Add option="-m32" />
					<Add option="-fPIC" />
					<Add option="-ffast-math" />
					<Add option="-fno-operator-names" />
					<Add option="-fpermissive" />
					<Add option="-DLINUX" />
					<Add option="-DNDEBUG" />
					<Add option="-D_IMMERSION_DISABLED" />
					<Add directory="../ICARUS" />
				</Compiler>
				<ResourceCompiler>
					<Add directory="../ICARUS" />
				</ResourceCompiler>
				<Linker>
					<Add option="-m32" />
					<Add option="-shared" />
				</Linker>
			</Target>
			<Target title="SHDebug Win32">
				<Option output="../SHDebug/jk2gamex86" prefix_auto="1" extension_auto="1" />
				<Option object_output="../SHDebug/game" />
				<Option type="3" />
				<Option compiler="gcc" />
				<Option createDefFile="1" />
				<Option createStaticLib="1" />
				<Compiler>
					<Add option="-D_DEBUG" />
					<Add option="-DMEM_DEBUG" />
					<Add option="-DWIN32" />
					<Add option="-D_WINDOWS" />
					<Add option="-D_IMMERSION" />
					<Add option="-Wall" />
					<Add option="-g" />
					<Add option="-O0" />
					<Add directory="../ICARUS" />
				</Compiler>
				<ResourceCompiler>
					<Add directory="../ICARUS" />
				</ResourceCompiler>
				<Linker>
					<Add library="../shdebug/game/smrtheap.obj" />
					<Add library="winmm" />
				</Linker>
			</Target>
			<Target title="Debug Win32">
				<Option output="../Debug/jagamex86" prefix_auto="1" extension_auto="1" />
				<Option object_output="../Debug/game" />
				<Option type="3" />
				<Option compiler="gcc" />
				<Option createDefFile="1" />
				<Option createStaticLib="1" />
				<Compiler>
					<Add option="-D_DEBUG" />
					<Add option="-DWIN32" />
					<Add option="-D_WINDOWS" />
					<Add option="-D_IMMERSION" />
					<Add option="-Wall" />
					<Add option="-g" />
					<Add option="-O0" />
					<Add directory="../ICARUS" />
				</Compiler>
				<ResourceCompiler>
					<Add directory="../ICARUS" />
				</ResourceCompiler>
				<Linker>
					<Add library="winmm" />
				</Linker>
			</Target>
			<Target title="Release Win32">
				<Option output="../Release/jagamex86" prefix_auto="1" extension_auto="1" />
				<Option object_output="../Release/game" />
				<Option type="3" />
				<Option compiler="gcc" />
				<Option createDefFile="1" />
				<Option createStaticLib="1" />
				<Compiler>
					<Add option="-DNDEBUG" />
					<Add option="-DWIN32" />
					<Add option="-D_WINDOWS" />
					<Add option="-D_IMMERSION" />
					<Add option="-Wall" />
					<Add option="-O2" />
					<Add directory="../ICARUS" />
				</Compiler>
				<ResourceCompiler>
					<Add directory="../ICARUS" />
				</ResourceCompiler>
				<Linker>
					<Add library="winmm" />
				</Linker>
			</Target>
			<Target title="FinalBuild Win32">
				<Option output="../FinalBuild/jagamex86" prefix_auto="1" extension_auto="1" />
				<Option object_output="../FinalBuild/game" />
				<Option type="3" />
				<Option compiler="gcc" />
				<Option createDefFile="1" />
				<Option createStaticLib="1" />
				<Compiler>
					<Add option="-DNDEBUG" />
					<Add option="-DFINAL_BUILD" />
					<Add option="-DWIN32" />
					<Add option="-D_WINDOWS" />
					<Add option="-D_IMMERSION" />
					<Add option="-Wall" />
					<Add directory="../ICARUS" />
				</Compiler>
				<ResourceCompiler>
					<Add directory="../ICARUS" />
				</ResourceCompiler>
				<Linker>
					<Add library="winmm" />
				</Linker>
			</Target>
		</Build>
		<Unit filename="../Ragl/graph_region.h" />
		<Unit filename="../Ragl/graph_triangulate.h" />
		<Unit filename="../Ragl/graph_vs.h" />
		<Unit filename="../Ragl/kdtree_vs.h" />
		<Unit filename="../Ragl/ragl_common.h" />
		<Unit filename="../Ratl/array_vs.h" />
		<Unit filename="../Ratl/bits_vs.h" />
		<Unit filename="../Ratl/grid_vs.h" />
		<Unit filename="../Ratl/handle_pool_vs.h" />
		<Unit filename="../Ratl/hash_pool_vs.h" />
		<Unit filename="../Ratl/heap_vs.h" />
		<Unit filename="../Ratl/list_vs.h" />
		<Unit filename="../Ratl/map_vs.h" />
		<Unit filename="../Ratl/pool_vs.h" />
		<Unit filename="../Ratl/queue_vs.h" />
		<Unit filename="../Ratl/ratl.cpp" />
		<Unit filename="../Ratl/ratl_common.h" />
		<Unit filename="../Ratl/scheduler_vs.h" />
		<Unit filename="../Ratl/stack_vs.h" />
		<Unit filename="../Ratl/string_vs.h" />
		<Unit filename="../Ratl/vector_vs.h" />
		<Unit filename="../Ravl/CBounds.cpp" />
		<Unit filename="../Ravl/CBounds.h" />
		<Unit filename="../Ravl/CMatrix.h" />
		<Unit filename="../Ravl/CVec.cpp" />
		<Unit filename="../Ravl/CVec.h" />
		<Unit filename="../Rufl/hfile.cpp" />
		<Unit filename="../Rufl/hfile.h" />
		<Unit filename="../Rufl/hstring.cpp" />
		<Unit filename="../Rufl/hstring.h" />
		<Unit filename="../Rufl/random.cpp" />
		<Unit filename="../Rufl/random.h" />
		<Unit filename="../cgame/FX_ATSTMain.cpp" />
		<Unit filename="../cgame/FX_Blaster.cpp" />
		<Unit filename="../cgame/FX_Bowcaster.cpp" />
		<Unit filename="../cgame/FX_BryarPistol.cpp" />
		<Unit filename="../cgame/FX_Concussion.cpp" />
		<Unit filename="../cgame/FX_DEMP2.cpp" />
		<Unit filename="../cgame/FX_Disruptor.cpp" />
		<Unit filename="../cgame/FX_Emplaced.cpp" />
		<Unit filename="../cgame/FX_Flechette.cpp" />
		<Unit filename="../cgame/FX_HeavyRepeater.cpp" />
		<Unit filename="../cgame/FX_NoghriShot.cpp" />
		<Unit filename="../cgame/FX_RocketLauncher.cpp" />
		<Unit filename="../cgame/FX_TuskenShot.cpp" />
		<Unit filename="../cgame/FxParsing.h" />
		<Unit filename="../cgame/FxPrimitives.cpp" />
		<Unit filename="../cgame/FxPrimitives.h" />
		<Unit filename="../cgame/FxScheduler.cpp" />
		<Unit filename="../cgame/FxScheduler.h" />
		<Unit filename="../cgame/FxSystem.cpp" />
		<Unit filename="../cgame/FxSystem.h" />
		<Unit filename="../cgame/FxTemplate.cpp" />
		<Unit filename="../cgame/FxUtil.cpp" />
		<Unit filename="../cgame/FxUtil.h" />
		<Unit filename="../cgame/animtable.h" />
		<Unit filename="../cgame/cg_camera.cpp" />
		<Unit filename="../cgame/cg_camera.h" />
		<Unit filename="../cgame/cg_consolecmds.cpp" />
		<Unit filename="../cgame/cg_credits.cpp" />
		<Unit filename="../cgame/cg_draw.cpp" />
		<Unit filename="../cgame/cg_drawtools.cpp" />
		<Unit filename="../cgame/cg_effects.cpp" />
		<Unit filename="../cgame/cg_ents.cpp" />
		<Unit filename="../cgame/cg_event.cpp" />
		<Unit filename="../cgame/cg_headers.cpp" />
		<Unit filename="../cgame/cg_headers.h" />
		<Unit filename="../cgame/cg_info.cpp" />
		<Unit filename="../cgame/cg_lights.cpp" />
		<Unit filename="../cgame/cg_lights.h" />
		<Unit filename="../cgame/cg_local.h" />
		<Unit filename="../cgame/cg_localents.cpp" />
		<Unit filename="../cgame/cg_main.cpp" />
		<Unit filename="../cgame/cg_marks.cpp" />
		<Unit filename="../cgame/cg_media.h" />
		<Unit filename="../cgame/cg_players.cpp" />
		<Unit filename="../cgame/cg_playerstate.cpp" />
		<Unit filename="../cgame/cg_predict.cpp" />
		<Unit filename="../cgame/cg_public.h" />
		<Unit filename="../cgame/cg_scoreboard.cpp" />
		<Unit filename="../cgame/cg_servercmds.cpp" />
		<Unit filename="../cgame/cg_snapshot.cpp" />
		<Unit filename="../cgame/cg_syscalls.cpp" />
		<Unit filename="../cgame/cg_text.cpp" />
		<Unit filename="../cgame/cg_view.cpp" />
		<Unit filename="../cgame/cg_weapons.cpp" />
		<Unit filename="../cgame/common_headers.h" />
		<Unit filename="../cgame/strip_objectives.h" />
		<Unit filename="../client/fffx.h" />
		<Unit filename="../client/vmachine.h" />
		<Unit filename="../ff/ff.h" />
		<Unit filename="../ff/ff_public.h" />
		<Unit filename="../ghoul2/G2.h" />
		<Unit filename="../ghoul2/ghoul2_gore.h" />
		<Unit filename="../icarus/BlockStream.cpp" />
		<Unit filename="../icarus/BlockStream.h" />
		<Unit filename="../icarus/IcarusImplementation.cpp" />
		<Unit filename="../icarus/IcarusImplementation.h" />
		<Unit filename="../icarus/IcarusInterface.h" />
		<Unit filename="../icarus/Sequence.cpp" />
		<Unit filename="../icarus/Sequence.h" />
		<Unit filename="../icarus/Sequencer.cpp" />
		<Unit filename="../icarus/Sequencer.h" />
		<Unit filename="../icarus/StdAfx.h" />
		<Unit filename="../icarus/TaskManager.cpp" />
		<Unit filename="../icarus/TaskManager.h" />
		<Unit filename="../qcommon/sstring.h" />
		<Unit filename="../qcommon/tags.h" />
		<Unit filename="../qcommon/timing.h" />
		<Unit filename="../qcommon/tri_coll_test.cpp" />
		<Unit filename="../renderer/mdx_format.h" />
		<Unit filename="../renderer/tr_types.h" />
		<Unit filename="../smartheap/HAW32M.LIB">
			<Option target="SHDebug Win32" />
		</Unit>
		<Unit filename="../smartheap/SMRTHEAP.C">
			<Option compilerVar="CC" />
			<Option target="SHDebug Win32" />
		</Unit>
		<Unit filename="../ui/gameinfo.cpp" />
		<Unit filename="../ui/gameinfo.h" />
		<Unit filename="../win32/game.rc">
			<Option target="SHDebug Win32" />
			<Option target="Debug Win32" />
			<Option target="Release Win32" />
			<Option target="FinalBuild Win32" />
		</Unit>
		<Unit filename="AI.h" />
		<Unit filename="AI_Animal.cpp" />
		<Unit filename="AI_AssassinDroid.cpp" />
		<Unit filename="AI_Atst.cpp" />
		<Unit filename="AI_BobaFett.cpp" />
		<Unit filename="AI_Civilian.cpp" />
		<Unit filename="AI_Default.cpp" />
		<Unit filename="AI_Droid.cpp" />
		<Unit filename="AI_GalakMech.cpp" />
		<Unit filename="AI_Glider.cpp" />
		<Unit filename="AI_Grenadier.cpp" />
		<Unit filename="AI_HazardTrooper.cpp" />
		<Unit filename="AI_Howler.cpp" />
		<Unit filename="AI_ImperialProbe.cpp" />
		<Unit filename="AI_Interrogator.cpp" />
		<Unit filename="AI_Jedi.cpp" />
		<Unit filename="AI_Mark1.cpp" />
		<Unit filename="AI_Mark2.cpp" />
		<Unit filename="AI_MineMonster.cpp" />
		<Unit filename="AI_Rancor.cpp" />
		<Unit filename="AI_Remote.cpp" />
		<Unit filename="AI_RocketTrooper.cpp" />
		<Unit filename="AI_SaberDroid.cpp" />
		<Unit filename="AI_SandCreature.cpp" />
		<Unit filename="AI_Seeker.cpp" />
		<Unit filename="AI_Sentry.cpp" />
		<Unit filename="AI_Sniper.cpp" />
		<Unit filename="AI_Stormtrooper.cpp" />
		<Unit filename="AI_Tusken.cpp" />
		<Unit filename="AI_Utils.cpp" />
		<Unit filename="AI_Wampa.cpp" />
		<Unit filename="AnimalNPC.cpp">
			<Option compilerVar="CC" />
		</Unit>
		<Unit filename="FighterNPC.cpp">
			<Option compilerVar="CC" />
		</Unit>
		<Unit filename="G_Timer.cpp" />
		<Unit filename="NPC.cpp" />
		<Unit filename="NPC_behavior.cpp" />
		<Unit filename="NPC_combat.cpp" />
		<Unit filename="NPC_goal.cpp" />
		<Unit filename="NPC_misc.cpp" />
		<Unit filename="NPC_move.cpp" />
		<Unit filename="NPC_reactions.cpp" />
		<Unit filename="NPC_senses.cpp" />
		<Unit filename="NPC_sounds.cpp" />
		<Unit filename="NPC_spawn.cpp" />
		<Unit filename="NPC_stats.cpp" />
		<Unit filename="NPC_utils.cpp" />
		<Unit filename="Q3_Interface.cpp" />
		<Unit filename="Q3_Interface.h" />
		<Unit filename="SpeederNPC.cpp">
			<Option compilerVar="CC" />
		</Unit>
		<Unit filename="WalkerNPC.cpp">
			<Option compilerVar="CC" />
		</Unit>
		<Unit filename="anims.h" />
		<Unit filename="b_local.h" />
		<Unit filename="b_public.h" />
		<Unit filename="bg_lib.cpp">
			<Option target="&lt;{~None~}&gt;" />
		</Unit>
		<Unit filename="bg_local.h" />
		<Unit filename="bg_misc.cpp" />
		<Unit filename="bg_pangles.cpp" />
		<Unit filename="bg_panimate.cpp" />
		<Unit filename="bg_pmove.cpp" />
		<Unit filename="bg_public.h" />
		<Unit filename="bg_slidemove.cpp" />
		<Unit filename="bg_vehicleLoad.cpp">
			<Option compilerVar="CC" />
		</Unit>
		<Unit filename="bset.h" />
		<Unit filename="bstate.h" />
		<Unit filename="channels.h" />
		<Unit filename="common_headers.h" />
		<Unit filename="dmstates.h" />
		<Unit filename="events.h" />
		<Unit filename="fields.h" />
		<Unit filename="g_active.cpp" />
		<Unit filename="g_breakable.cpp" />
		<Unit filename="g_camera.cpp" />
		<Unit filename="g_client.cpp" />
		<Unit filename="g_cmds.cpp" />
		<Unit filename="g_combat.cpp" />
		<Unit filename="g_emplaced.cpp" />
		<Unit filename="g_functions.cpp" />
		<Unit filename="g_functions.h" />
		<Unit filename="g_fx.cpp" />
		<Unit filename="g_headers.cpp" />
		<Unit filename="g_headers.h" />
		<Unit filename="g_inventory.cpp" />
		<Unit filename="g_itemLoad.cpp" />
		<Unit filename="g_items.cpp" />
		<Unit filename="g_items.h" />
		<Unit filename="g_local.h" />
		<Unit filename="g_main.cpp" />
		<Unit filename="g_mem.cpp" />
		<Unit filename="g_misc.cpp" />
		<Unit filename="g_misc_model.cpp" />
		<Unit filename="g_missile.cpp" />
		<Unit filename="g_mover.cpp" />
		<Unit filename="g_nav.cpp" />
		<Unit filename="g_nav.h" />
		<Unit filename="g_navigator.cpp" />
		<Unit filename="g_navigator.h" />
		<Unit filename="g_navnew.cpp" />
		<Unit filename="g_object.cpp" />
		<Unit filename="g_objectives.cpp" />
		<Unit filename="g_public.h" />
		<Unit filename="g_rail.cpp" />
		<Unit filename="g_ref.cpp" />
		<Unit filename="g_roff.cpp" />
		<Unit filename="g_roff.h" />
		<Unit filename="g_savegame.cpp" />
		<Unit filename="g_session.cpp" />
		<Unit filename="g_shared.h" />
		<Unit filename="g_spawn.cpp" />
		<Unit filename="g_svcmds.cpp" />
		<Unit filename="g_target.cpp" />
		<Unit filename="g_trigger.cpp" />
		<Unit filename="g_turret.cpp" />
		<Unit filename="g_usable.cpp" />
		<Unit filename="g_utils.cpp" />
		<Unit filename="g_vehicles.cpp">
			<Option compilerVar="CC" />
		</Unit>
		<Unit filename="g_vehicles.h" />
		<Unit filename="g_weapon.cpp" />
		<Unit filename="g_weaponLoad.cpp" />
		<Unit filename="game.def" />
		<Unit filename="genericparser2.cpp" />
		<Unit filename="genericparser2.h" />
		<Unit filename="ghoul2_shared.h" />
		<Unit filename="hitlocs.h" />
		<Unit filename="npc_headers.h" />
		<Unit filename="objectives.h" />
		<Unit filename="q_math.cpp" />
		<Unit filename="q_shared.cpp" />
		<Unit filename="q_shared.h" />
		<Unit filename="say.h" />
		<Unit filename="statindex.h" />
		<Unit filename="surfaceflags.h" />
		<Unit filename="teams.h" />
		<Unit filename="weapons.h" />
		<Unit filename="wp_saber.cpp" />
		<Unit filename="wp_saber.h" />
		<Unit filename="wp_saberLoad.cpp" />
		<Extensions>
			<code_completion />
			<debugger />
		</Extensions>
	</Project>
</CodeBlocks_project_file>
